// !$*UTF8*$!
{
	archiveVersion = 1;
	classes = {
	};
	objectVersion = 50;
	objects = {

/* Begin PBXBuildFile section */
		F14F050024A9FE7500AB50C2 /* AppDelegate.swift in Sources */ = {isa = PBXBuildFile; fileRef = F14F04FF24A9FE7500AB50C2 /* AppDelegate.swift */; };
		F14F050224A9FE7500AB50C2 /* SceneDelegate.swift in Sources */ = {isa = PBXBuildFile; fileRef = F14F050124A9FE7500AB50C2 /* SceneDelegate.swift */; };
		F14F050424A9FE7500AB50C2 /* Row.swift in Sources */ = {isa = PBXBuildFile; fileRef = F14F050324A9FE7500AB50C2 /* Row.swift */; };
		F14F050624A9FE7700AB50C2 /* Assets.xcassets in Resources */ = {isa = PBXBuildFile; fileRef = F14F050524A9FE7700AB50C2 /* Assets.xcassets */; };
		F14F050924A9FE7700AB50C2 /* Preview Assets.xcassets in Resources */ = {isa = PBXBuildFile; fileRef = F14F050824A9FE7700AB50C2 /* Preview Assets.xcassets */; };
		F14F050C24A9FE7700AB50C2 /* LaunchScreen.storyboard in Resources */ = {isa = PBXBuildFile; fileRef = F14F050A24A9FE7700AB50C2 /* LaunchScreen.storyboard */; };
		F14F051724A9FE7700AB50C2 /* MatteoMovieSwiftUITests.swift in Sources */ = {isa = PBXBuildFile; fileRef = F14F051624A9FE7700AB50C2 /* MatteoMovieSwiftUITests.swift */; };
		F14F052224AA059700AB50C2 /* Movie.swift in Sources */ = {isa = PBXBuildFile; fileRef = F14F052124AA059700AB50C2 /* Movie.swift */; };
		F14F052424AA061200AB50C2 /* TestData.swift in Sources */ = {isa = PBXBuildFile; fileRef = F14F052324AA061200AB50C2 /* TestData.swift */; };
		F14F052624AA080D00AB50C2 /* MainView.swift in Sources */ = {isa = PBXBuildFile; fileRef = F14F052524AA080D00AB50C2 /* MainView.swift */; };
		F14F052824AA086800AB50C2 /* MoviesView.swift in Sources */ = {isa = PBXBuildFile; fileRef = F14F052724AA086800AB50C2 /* MoviesView.swift */; };
		F15BCC1924AA116E002FE537 /* Movies.json in Resources */ = {isa = PBXBuildFile; fileRef = F15BCC1824AA116D002FE537 /* Movies.json */; };
		F15BCC1B24AA135A002FE537 /* Heart.swift in Sources */ = {isa = PBXBuildFile; fileRef = F15BCC1A24AA135A002FE537 /* Heart.swift */; };
		F15BCC1D24AA1784002FE537 /* DetailsView.swift in Sources */ = {isa = PBXBuildFile; fileRef = F15BCC1C24AA1784002FE537 /* DetailsView.swift */; };
/* End PBXBuildFile section */

/* Begin PBXContainerItemProxy section */
		F14F051324A9FE7700AB50C2 /* PBXContainerItemProxy */ = {
			isa = PBXContainerItemProxy;
			containerPortal = F14F04F424A9FE7500AB50C2 /* Project object */;
			proxyType = 1;
			remoteGlobalIDString = F14F04FB24A9FE7500AB50C2;
			remoteInfo = MatteoMovieSwiftUI;
		};
/* End PBXContainerItemProxy section */

/* Begin PBXFileReference section */
		F14F04FC24A9FE7500AB50C2 /* MatteoMovieSwiftUI.app */ = {isa = PBXFileReference; explicitFileType = wrapper.application; includeInIndex = 0; path = MatteoMovieSwiftUI.app; sourceTree = BUILT_PRODUCTS_DIR; };
		F14F04FF24A9FE7500AB50C2 /* AppDelegate.swift */ = {isa = PBXFileReference; lastKnownFileType = sourcecode.swift; path = AppDelegate.swift; sourceTree = "<group>"; };
		F14F050124A9FE7500AB50C2 /* SceneDelegate.swift */ = {isa = PBXFileReference; lastKnownFileType = sourcecode.swift; path = SceneDelegate.swift; sourceTree = "<group>"; };
		F14F050324A9FE7500AB50C2 /* Row.swift */ = {isa = PBXFileReference; lastKnownFileType = sourcecode.swift; path = Row.swift; sourceTree = "<group>"; };
		F14F050524A9FE7700AB50C2 /* Assets.xcassets */ = {isa = PBXFileReference; lastKnownFileType = folder.assetcatalog; path = Assets.xcassets; sourceTree = "<group>"; };
		F14F050824A9FE7700AB50C2 /* Preview Assets.xcassets */ = {isa = PBXFileReference; lastKnownFileType = folder.assetcatalog; path = "Preview Assets.xcassets"; sourceTree = "<group>"; };
		F14F050B24A9FE7700AB50C2 /* Base */ = {isa = PBXFileReference; lastKnownFileType = file.storyboard; name = Base; path = Base.lproj/LaunchScreen.storyboard; sourceTree = "<group>"; };
		F14F050D24A9FE7700AB50C2 /* Info.plist */ = {isa = PBXFileReference; lastKnownFileType = text.plist.xml; path = Info.plist; sourceTree = "<group>"; };
		F14F051224A9FE7700AB50C2 /* MatteoMovieSwiftUITests.xctest */ = {isa = PBXFileReference; explicitFileType = wrapper.cfbundle; includeInIndex = 0; path = MatteoMovieSwiftUITests.xctest; sourceTree = BUILT_PRODUCTS_DIR; };
		F14F051624A9FE7700AB50C2 /* MatteoMovieSwiftUITests.swift */ = {isa = PBXFileReference; lastKnownFileType = sourcecode.swift; path = MatteoMovieSwiftUITests.swift; sourceTree = "<group>"; };
		F14F051824A9FE7700AB50C2 /* Info.plist */ = {isa = PBXFileReference; lastKnownFileType = text.plist.xml; path = Info.plist; sourceTree = "<group>"; };
		F14F052124AA059700AB50C2 /* Movie.swift */ = {isa = PBXFileReference; lastKnownFileType = sourcecode.swift; path = Movie.swift; sourceTree = "<group>"; };
		F14F052324AA061200AB50C2 /* TestData.swift */ = {isa = PBXFileReference; lastKnownFileType = sourcecode.swift; path = TestData.swift; sourceTree = "<group>"; };
		F14F052524AA080D00AB50C2 /* MainView.swift */ = {isa = PBXFileReference; lastKnownFileType = sourcecode.swift; path = MainView.swift; sourceTree = "<group>"; };
		F14F052724AA086800AB50C2 /* MoviesView.swift */ = {isa = PBXFileReference; lastKnownFileType = sourcecode.swift; path = MoviesView.swift; sourceTree = "<group>"; };
		F15BCC1824AA116D002FE537 /* Movies.json */ = {isa = PBXFileReference; fileEncoding = 4; lastKnownFileType = text.json; path = Movies.json; sourceTree = "<group>"; };
		F15BCC1A24AA135A002FE537 /* Heart.swift */ = {isa = PBXFileReference; lastKnownFileType = sourcecode.swift; path = Heart.swift; sourceTree = "<group>"; };
		F15BCC1C24AA1784002FE537 /* DetailsView.swift */ = {isa = PBXFileReference; lastKnownFileType = sourcecode.swift; path = DetailsView.swift; sourceTree = "<group>"; };
/* End PBXFileReference section */

/* Begin PBXFrameworksBuildPhase section */
		F14F04F924A9FE7500AB50C2 /* Frameworks */ = {
			isa = PBXFrameworksBuildPhase;
			buildActionMask = 2147483647;
			files = (
			);
			runOnlyForDeploymentPostprocessing = 0;
		};
		F14F050F24A9FE7700AB50C2 /* Frameworks */ = {
			isa = PBXFrameworksBuildPhase;
			buildActionMask = 2147483647;
			files = (
			);
			runOnlyForDeploymentPostprocessing = 0;
		};
/* End PBXFrameworksBuildPhase section */

/* Begin PBXGroup section */
		F14F04F324A9FE7500AB50C2 = {
			isa = PBXGroup;
			children = (
				F14F04FE24A9FE7500AB50C2 /* MatteoMovieSwiftUI */,
				F14F051524A9FE7700AB50C2 /* MatteoMovieSwiftUITests */,
				F14F04FD24A9FE7500AB50C2 /* Products */,
			);
			sourceTree = "<group>";
		};
		F14F04FD24A9FE7500AB50C2 /* Products */ = {
			isa = PBXGroup;
			children = (
				F14F04FC24A9FE7500AB50C2 /* MatteoMovieSwiftUI.app */,
				F14F051224A9FE7700AB50C2 /* MatteoMovieSwiftUITests.xctest */,
			);
			name = Products;
			sourceTree = "<group>";
		};
		F14F04FE24A9FE7500AB50C2 /* MatteoMovieSwiftUI */ = {
			isa = PBXGroup;
			children = (
				F14F04FF24A9FE7500AB50C2 /* AppDelegate.swift */,
				F14F050124A9FE7500AB50C2 /* SceneDelegate.swift */,
				F14F050324A9FE7500AB50C2 /* Row.swift */,
				F14F052524AA080D00AB50C2 /* MainView.swift */,
				F14F052724AA086800AB50C2 /* MoviesView.swift */,
				F15BCC1A24AA135A002FE537 /* Heart.swift */,
				F14F052124AA059700AB50C2 /* Movie.swift */,
				F15BCC1C24AA1784002FE537 /* DetailsView.swift */,
				F14F052324AA061200AB50C2 /* TestData.swift */,
				F15BCC1824AA116D002FE537 /* Movies.json */,
				F14F050524A9FE7700AB50C2 /* Assets.xcassets */,
				F14F050A24A9FE7700AB50C2 /* LaunchScreen.storyboard */,
				F14F050D24A9FE7700AB50C2 /* Info.plist */,
				F14F050724A9FE7700AB50C2 /* Preview Content */,
			);
			path = MatteoMovieSwiftUI;
			sourceTree = "<group>";
		};
		F14F050724A9FE7700AB50C2 /* Preview Content */ = {
			isa = PBXGroup;
			children = (
				F14F050824A9FE7700AB50C2 /* Preview Assets.xcassets */,
			);
			path = "Preview Content";
			sourceTree = "<group>";
		};
		F14F051524A9FE7700AB50C2 /* MatteoMovieSwiftUITests */ = {
			isa = PBXGroup;
			children = (
				F14F051624A9FE7700AB50C2 /* MatteoMovieSwiftUITests.swift */,
				F14F051824A9FE7700AB50C2 /* Info.plist */,
			);
			path = MatteoMovieSwiftUITests;
			sourceTree = "<group>";
		};
/* End PBXGroup section */

/* Begin PBXNativeTarget section */
		F14F04FB24A9FE7500AB50C2 /* MatteoMovieSwiftUI */ = {
			isa = PBXNativeTarget;
			buildConfigurationList = F14F051B24A9FE7700AB50C2 /* Build configuration list for PBXNativeTarget "MatteoMovieSwiftUI" */;
			buildPhases = (
				F14F04F824A9FE7500AB50C2 /* Sources */,
				F14F04F924A9FE7500AB50C2 /* Frameworks */,
				F14F04FA24A9FE7500AB50C2 /* Resources */,
			);
			buildRules = (
			);
			dependencies = (
			);
			name = MatteoMovieSwiftUI;
			productName = MatteoMovieSwiftUI;
			productReference = F14F04FC24A9FE7500AB50C2 /* MatteoMovieSwiftUI.app */;
			productType = "com.apple.product-type.application";
		};
		F14F051124A9FE7700AB50C2 /* MatteoMovieSwiftUITests */ = {
			isa = PBXNativeTarget;
			buildConfigurationList = F14F051E24A9FE7700AB50C2 /* Build configuration list for PBXNativeTarget "MatteoMovieSwiftUITests" */;
			buildPhases = (
				F14F050E24A9FE7700AB50C2 /* Sources */,
				F14F050F24A9FE7700AB50C2 /* Frameworks */,
				F14F051024A9FE7700AB50C2 /* Resources */,
			);
			buildRules = (
			);
			dependencies = (
				F14F051424A9FE7700AB50C2 /* PBXTargetDependency */,
			);
			name = MatteoMovieSwiftUITests;
			productName = MatteoMovieSwiftUITests;
			productReference = F14F051224A9FE7700AB50C2 /* MatteoMovieSwiftUITests.xctest */;
			productType = "com.apple.product-type.bundle.unit-test";
		};
/* End PBXNativeTarget section */

/* Begin PBXProject section */
		F14F04F424A9FE7500AB50C2 /* Project object */ = {
			isa = PBXProject;
			attributes = {
				LastSwiftUpdateCheck = 1150;
				LastUpgradeCheck = 1150;
				ORGANIZATIONNAME = "Jin Lee";
				TargetAttributes = {
					F14F04FB24A9FE7500AB50C2 = {
						CreatedOnToolsVersion = 11.5;
					};
					F14F051124A9FE7700AB50C2 = {
						CreatedOnToolsVersion = 11.5;
						TestTargetID = F14F04FB24A9FE7500AB50C2;
					};
				};
			};
			buildConfigurationList = F14F04F724A9FE7500AB50C2 /* Build configuration list for PBXProject "MatteoMovieSwiftUI" */;
			compatibilityVersion = "Xcode 9.3";
			developmentRegion = en;
			hasScannedForEncodings = 0;
			knownRegions = (
				en,
				Base,
			);
			mainGroup = F14F04F324A9FE7500AB50C2;
			productRefGroup = F14F04FD24A9FE7500AB50C2 /* Products */;
			projectDirPath = "";
			projectRoot = "";
			targets = (
				F14F04FB24A9FE7500AB50C2 /* MatteoMovieSwiftUI */,
				F14F051124A9FE7700AB50C2 /* MatteoMovieSwiftUITests */,
			);
		};
/* End PBXProject section */

/* Begin PBXResourcesBuildPhase section */
		F14F04FA24A9FE7500AB50C2 /* Resources */ = {
			isa = PBXResourcesBuildPhase;
			buildActionMask = 2147483647;
			files = (
				F14F050C24A9FE7700AB50C2 /* LaunchScreen.storyboard in Resources */,
				F14F050924A9FE7700AB50C2 /* Preview Assets.xcassets in Resources */,
				F15BCC1924AA116E002FE537 /* Movies.json in Resources */,
				F14F050624A9FE7700AB50C2 /* Assets.xcassets in Resources */,
			);
			runOnlyForDeploymentPostprocessing = 0;
		};
		F14F051024A9FE7700AB50C2 /* Resources */ = {
			isa = PBXResourcesBuildPhase;
			buildActionMask = 2147483647;
			files = (
			);
			runOnlyForDeploymentPostprocessing = 0;
		};
/* End PBXResourcesBuildPhase section */

/* Begin PBXSourcesBuildPhase section */
		F14F04F824A9FE7500AB50C2 /* Sources */ = {
			isa = PBXSourcesBuildPhase;
			buildActionMask = 2147483647;
			files = (
				F15BCC1B24AA135A002FE537 /* Heart.swift in Sources */,
				F15BCC1D24AA1784002FE537 /* DetailsView.swift in Sources */,
				F14F050024A9FE7500AB50C2 /* AppDelegate.swift in Sources */,
				F14F052624AA080D00AB50C2 /* MainView.swift in Sources */,
				F14F050224A9FE7500AB50C2 /* SceneDelegate.swift in Sources */,
				F14F052224AA059700AB50C2 /* Movie.swift in Sources */,
				F14F052824AA086800AB50C2 /* MoviesView.swift in Sources */,
				F14F052424AA061200AB50C2 /* TestData.swift in Sources */,
				F14F050424A9FE7500AB50C2 /* Row.swift in Sources */,
			);
			runOnlyForDeploymentPostprocessing = 0;
		};
		F14F050E24A9FE7700AB50C2 /* Sources */ = {
			isa = PBXSourcesBuildPhase;
			buildActionMask = 2147483647;
			files = (
				F14F051724A9FE7700AB50C2 /* MatteoMovieSwiftUITests.swift in Sources */,
			);
			runOnlyForDeploymentPostprocessing = 0;
		};
/* End PBXSourcesBuildPhase section */

/* Begin PBXTargetDependency section */
		F14F051424A9FE7700AB50C2 /* PBXTargetDependency */ = {
			isa = PBXTargetDependency;
			target = F14F04FB24A9FE7500AB50C2 /* MatteoMovieSwiftUI */;
			targetProxy = F14F051324A9FE7700AB50C2 /* PBXContainerItemProxy */;
		};
/* End PBXTargetDependency section */

/* Begin PBXVariantGroup section */
		F14F050A24A9FE7700AB50C2 /* LaunchScreen.storyboard */ = {
			isa = PBXVariantGroup;
			children = (
				F14F050B24A9FE7700AB50C2 /* Base */,
			);
			name = LaunchScreen.storyboard;
			sourceTree = "<group>";
		};
/* End PBXVariantGroup section */

/* Begin XCBuildConfiguration section */
		F14F051924A9FE7700AB50C2 /* Debug */ = {
			isa = XCBuildConfiguration;
			buildSettings = {
				ALWAYS_SEARCH_USER_PATHS = NO;
				CLANG_ANALYZER_NONNULL = YES;
				CLANG_ANALYZER_NUMBER_OBJECT_CONVERSION = YES_AGGRESSIVE;
				CLANG_CXX_LANGUAGE_STANDARD = "gnu++14";
				CLANG_CXX_LIBRARY = "libc++";
				CLANG_ENABLE_MODULES = YES;
				CLANG_ENABLE_OBJC_ARC = YES;
				CLANG_ENABLE_OBJC_WEAK = YES;
				CLANG_WARN_BLOCK_CAPTURE_AUTORELEASING = YES;
				CLANG_WARN_BOOL_CONVERSION = YES;
				CLANG_WARN_COMMA = YES;
				CLANG_WARN_CONSTANT_CONVERSION = YES;
				CLANG_WARN_DEPRECATED_OBJC_IMPLEMENTATIONS = YES;
				CLANG_WARN_DIRECT_OBJC_ISA_USAGE = YES_ERROR;
				CLANG_WARN_DOCUMENTATION_COMMENTS = YES;
				CLANG_WARN_EMPTY_BODY = YES;
				CLANG_WARN_ENUM_CONVERSION = YES;
				CLANG_WARN_INFINITE_RECURSION = YES;
				CLANG_WARN_INT_CONVERSION = YES;
				CLANG_WARN_NON_LITERAL_NULL_CONVERSION = YES;
				CLANG_WARN_OBJC_IMPLICIT_RETAIN_SELF = YES;
				CLANG_WARN_OBJC_LITERAL_CONVERSION = YES;
				CLANG_WARN_OBJC_ROOT_CLASS = YES_ERROR;
				CLANG_WARN_RANGE_LOOP_ANALYSIS = YES;
				CLANG_WARN_STRICT_PROTOTYPES = YES;
				CLANG_WARN_SUSPICIOUS_MOVE = YES;
				CLANG_WARN_UNGUARDED_AVAILABILITY = YES_AGGRESSIVE;
				CLANG_WARN_UNREACHABLE_CODE = YES;
				CLANG_WARN__DUPLICATE_METHOD_MATCH = YES;
				COPY_PHASE_STRIP = NO;
				DEBUG_INFORMATION_FORMAT = dwarf;
				ENABLE_STRICT_OBJC_MSGSEND = YES;
				ENABLE_TESTABILITY = YES;
				GCC_C_LANGUAGE_STANDARD = gnu11;
				GCC_DYNAMIC_NO_PIC = NO;
				GCC_NO_COMMON_BLOCKS = YES;
				GCC_OPTIMIZATION_LEVEL = 0;
				GCC_PREPROCESSOR_DEFINITIONS = (
					"DEBUG=1",
					"$(inherited)",
				);
				GCC_WARN_64_TO_32_BIT_CONVERSION = YES;
				GCC_WARN_ABOUT_RETURN_TYPE = YES_ERROR;
				GCC_WARN_UNDECLARED_SELECTOR = YES;
				GCC_WARN_UNINITIALIZED_AUTOS = YES_AGGRESSIVE;
				GCC_WARN_UNUSED_FUNCTION = YES;
				GCC_WARN_UNUSED_VARIABLE = YES;
				IPHONEOS_DEPLOYMENT_TARGET = 13.5;
				MTL_ENABLE_DEBUG_INFO = INCLUDE_SOURCE;
				MTL_FAST_MATH = YES;
				ONLY_ACTIVE_ARCH = YES;
				SDKROOT = iphoneos;
				SWIFT_ACTIVE_COMPILATION_CONDITIONS = DEBUG;
				SWIFT_OPTIMIZATION_LEVEL = "-Onone";
			};
			name = Debug;
		};
		F14F051A24A9FE7700AB50C2 /* Release */ = {
			isa = XCBuildConfiguration;
			buildSettings = {
				ALWAYS_SEARCH_USER_PATHS = NO;
				CLANG_ANALYZER_NONNULL = YES;
				CLANG_ANALYZER_NUMBER_OBJECT_CONVERSION = YES_AGGRESSIVE;
				CLANG_CXX_LANGUAGE_STANDARD = "gnu++14";
				CLANG_CXX_LIBRARY = "libc++";
				CLANG_ENABLE_MODULES = YES;
				CLANG_ENABLE_OBJC_ARC = YES;
				CLANG_ENABLE_OBJC_WEAK = YES;
				CLANG_WARN_BLOCK_CAPTURE_AUTORELEASING = YES;
				CLANG_WARN_BOOL_CONVERSION = YES;
				CLANG_WARN_COMMA = YES;
				CLANG_WARN_CONSTANT_CONVERSION = YES;
				CLANG_WARN_DEPRECATED_OBJC_IMPLEMENTATIONS = YES;
				CLANG_WARN_DIRECT_OBJC_ISA_USAGE = YES_ERROR;
				CLANG_WARN_DOCUMENTATION_COMMENTS = YES;
				CLANG_WARN_EMPTY_BODY = YES;
				CLANG_WARN_ENUM_CONVERSION = YES;
				CLANG_WARN_INFINITE_RECURSION = YES;
				CLANG_WARN_INT_CONVERSION = YES;
				CLANG_WARN_NON_LITERAL_NULL_CONVERSION = YES;
				CLANG_WARN_OBJC_IMPLICIT_RETAIN_SELF = YES;
				CLANG_WARN_OBJC_LITERAL_CONVERSION = YES;
				CLANG_WARN_OBJC_ROOT_CLASS = YES_ERROR;
				CLANG_WARN_RANGE_LOOP_ANALYSIS = YES;
				CLANG_WARN_STRICT_PROTOTYPES = YES;
				CLANG_WARN_SUSPICIOUS_MOVE = YES;
				CLANG_WARN_UNGUARDED_AVAILABILITY = YES_AGGRESSIVE;
				CLANG_WARN_UNREACHABLE_CODE = YES;
				CLANG_WARN__DUPLICATE_METHOD_MATCH = YES;
				COPY_PHASE_STRIP = NO;
				DEBUG_INFORMATION_FORMAT = "dwarf-with-dsym";
				ENABLE_NS_ASSERTIONS = NO;
				ENABLE_STRICT_OBJC_MSGSEND = YES;
				GCC_C_LANGUAGE_STANDARD = gnu11;
				GCC_NO_COMMON_BLOCKS = YES;
				GCC_WARN_64_TO_32_BIT_CONVERSION = YES;
				GCC_WARN_ABOUT_RETURN_TYPE = YES_ERROR;
				GCC_WARN_UNDECLARED_SELECTOR = YES;
				GCC_WARN_UNINITIALIZED_AUTOS = YES_AGGRESSIVE;
				GCC_WARN_UNUSED_FUNCTION = YES;
				GCC_WARN_UNUSED_VARIABLE = YES;
				IPHONEOS_DEPLOYMENT_TARGET = 13.5;
				MTL_ENABLE_DEBUG_INFO = NO;
				MTL_FAST_MATH = YES;
				SDKROOT = iphoneos;
				SWIFT_COMPILATION_MODE = wholemodule;
				SWIFT_OPTIMIZATION_LEVEL = "-O";
				VALIDATE_PRODUCT = YES;
			};
			name = Release;
		};
		F14F051C24A9FE7700AB50C2 /* Debug */ = {
			isa = XCBuildConfiguration;
			buildSettings = {
				ASSETCATALOG_COMPILER_APPICON_NAME = AppIcon;
				CODE_SIGN_STYLE = Automatic;
				DEVELOPMENT_ASSET_PATHS = "\"MatteoMovieSwiftUI/Preview Content\"";
				DEVELOPMENT_TEAM = P2J6PGJZZ5;
				ENABLE_PREVIEWS = YES;
				INFOPLIST_FILE = MatteoMovieSwiftUI/Info.plist;
				LD_RUNPATH_SEARCH_PATHS = (
					"$(inherited)",
					"@executable_path/Frameworks",
				);
				PRODUCT_BUNDLE_IDENTIFIER = com.jinlee.MatteoMovieSwiftUI;
				PRODUCT_NAME = "$(TARGET_NAME)";
				SWIFT_VERSION = 5.0;
				TARGETED_DEVICE_FAMILY = "1,2";
			};
			name = Debug;
		};
		F14F051D24A9FE7700AB50C2 /* Release */ = {
			isa = XCBuildConfiguration;
			buildSettings = {
				ASSETCATALOG_COMPILER_APPICON_NAME = AppIcon;
				CODE_SIGN_STYLE = Automatic;
				DEVELOPMENT_ASSET_PATHS = "\"MatteoMovieSwiftUI/Preview Content\"";
				DEVELOPMENT_TEAM = P2J6PGJZZ5;
				ENABLE_PREVIEWS = YES;
				INFOPLIST_FILE = MatteoMovieSwiftUI/Info.plist;
				LD_RUNPATH_SEARCH_PATHS = (
					"$(inherited)",
					"@executable_path/Frameworks",
				);
				PRODUCT_BUNDLE_IDENTIFIER = com.jinlee.MatteoMovieSwiftUI;
				PRODUCT_NAME = "$(TARGET_NAME)";
				SWIFT_VERSION = 5.0;
				TARGETED_DEVICE_FAMILY = "1,2";
			};
			name = Release;
		};
		F14F051F24A9FE7700AB50C2 /* Debug */ = {
			isa = XCBuildConfiguration;
			buildSettings = {
				ALWAYS_EMBED_SWIFT_STANDARD_LIBRARIES = YES;
				BUNDLE_LOADER = "$(TEST_HOST)";
				CODE_SIGN_STYLE = Automatic;
				DEVELOPMENT_TEAM = P2J6PGJZZ5;
				INFOPLIST_FILE = MatteoMovieSwiftUITests/Info.plist;
				IPHONEOS_DEPLOYMENT_TARGET = 13.5;
				LD_RUNPATH_SEARCH_PATHS = (
					"$(inherited)",
					"@executable_path/Frameworks",
					"@loader_path/Frameworks",
				);
				PRODUCT_BUNDLE_IDENTIFIER = com.jinlee.MatteoMovieSwiftUITests;
				PRODUCT_NAME = "$(TARGET_NAME)";
				SWIFT_VERSION = 5.0;
				TARGETED_DEVICE_FAMILY = "1,2";
				TEST_HOST = "$(BUILT_PRODUCTS_DIR)/MatteoMovieSwiftUI.app/MatteoMovieSwiftUI";
			};
			name = Debug;
		};
		F14F052024A9FE7700AB50C2 /* Release */ = {
			isa = XCBuildConfiguration;
			buildSettings = {
				ALWAYS_EMBED_SWIFT_STANDARD_LIBRARIES = YES;
				BUNDLE_LOADER = "$(TEST_HOST)";
				CODE_SIGN_STYLE = Automatic;
				DEVELOPMENT_TEAM = P2J6PGJZZ5;
				INFOPLIST_FILE = MatteoMovieSwiftUITests/Info.plist;
				IPHONEOS_DEPLOYMENT_TARGET = 13.5;
				LD_RUNPATH_SEARCH_PATHS = (
					"$(inherited)",
					"@executable_path/Frameworks",
					"@loader_path/Frameworks",
				);
				PRODUCT_BUNDLE_IDENTIFIER = com.jinlee.MatteoMovieSwiftUITests;
				PRODUCT_NAME = "$(TARGET_NAME)";
				SWIFT_VERSION = 5.0;
				TARGETED_DEVICE_FAMILY = "1,2";
				TEST_HOST = "$(BUILT_PRODUCTS_DIR)/MatteoMovieSwiftUI.app/MatteoMovieSwiftUI";
			};
			name = Release;
		};
/* End XCBuildConfiguration section */

/* Begin XCConfigurationList section */
		F14F04F724A9FE7500AB50C2 /* Build configuration list for PBXProject "MatteoMovieSwiftUI" */ = {
			isa = XCConfigurationList;
			buildConfigurations = (
				F14F051924A9FE7700AB50C2 /* Debug */,
				F14F051A24A9FE7700AB50C2 /* Release */,
			);
			defaultConfigurationIsVisible = 0;
			defaultConfigurationName = Release;
		};
		F14F051B24A9FE7700AB50C2 /* Build configuration list for PBXNativeTarget "MatteoMovieSwiftUI" */ = {
			isa = XCConfigurationList;
			buildConfigurations = (
				F14F051C24A9FE7700AB50C2 /* Debug */,
				F14F051D24A9FE7700AB50C2 /* Release */,
			);
			defaultConfigurationIsVisible = 0;
			defaultConfigurationName = Release;
		};
		F14F051E24A9FE7700AB50C2 /* Build configuration list for PBXNativeTarget "MatteoMovieSwiftUITests" */ = {
			isa = XCConfigurationList;
			buildConfigurations = (
				F14F051F24A9FE7700AB50C2 /* Debug */,
				F14F052024A9FE7700AB50C2 /* Release */,
			);
			defaultConfigurationIsVisible = 0;
			defaultConfigurationName = Release;
		};
/* End XCConfigurationList section */
	};
	rootObject = F14F04F424A9FE7500AB50C2 /* Project object */;
}
