// !$*UTF8*$!
{
	archiveVersion = 1;
	classes = {
	};
	objectVersion = 50;
	objects = {

/* Begin PBXBuildFile section */
		F16205F424E0D71B00DAF238 /* AppDelegate.swift in Sources */ = {isa = PBXBuildFile; fileRef = F16205F324E0D71B00DAF238 /* AppDelegate.swift */; };
		F16205F624E0D71B00DAF238 /* SceneDelegate.swift in Sources */ = {isa = PBXBuildFile; fileRef = F16205F524E0D71B00DAF238 /* SceneDelegate.swift */; };
		F16205F824E0D71B00DAF238 /* ContentView.swift in Sources */ = {isa = PBXBuildFile; fileRef = F16205F724E0D71B00DAF238 /* ContentView.swift */; };
		F16205FA24E0D71C00DAF238 /* Assets.xcassets in Resources */ = {isa = PBXBuildFile; fileRef = F16205F924E0D71C00DAF238 /* Assets.xcassets */; };
		F16205FD24E0D71C00DAF238 /* Preview Assets.xcassets in Resources */ = {isa = PBXBuildFile; fileRef = F16205FC24E0D71C00DAF238 /* Preview Assets.xcassets */; };
		F162060024E0D71C00DAF238 /* LaunchScreen.storyboard in Resources */ = {isa = PBXBuildFile; fileRef = F16205FE24E0D71C00DAF238 /* LaunchScreen.storyboard */; };
		F162060B24E0D71C00DAF238 /* CupcakeCornerTests.swift in Sources */ = {isa = PBXBuildFile; fileRef = F162060A24E0D71C00DAF238 /* CupcakeCornerTests.swift */; };
		F162061624E0E4C600DAF238 /* Order.swift in Sources */ = {isa = PBXBuildFile; fileRef = F162061524E0E4C600DAF238 /* Order.swift */; };
		F162061824E0F82200DAF238 /* AddressView.swift in Sources */ = {isa = PBXBuildFile; fileRef = F162061724E0F82200DAF238 /* AddressView.swift */; };
		F162061A24E0F93200DAF238 /* CheckoutView.swift in Sources */ = {isa = PBXBuildFile; fileRef = F162061924E0F93200DAF238 /* CheckoutView.swift */; };
/* End PBXBuildFile section */

/* Begin PBXContainerItemProxy section */
		F162060724E0D71C00DAF238 /* PBXContainerItemProxy */ = {
			isa = PBXContainerItemProxy;
			containerPortal = F16205E824E0D71B00DAF238 /* Project object */;
			proxyType = 1;
			remoteGlobalIDString = F16205EF24E0D71B00DAF238;
			remoteInfo = CupcakeCorner;
		};
/* End PBXContainerItemProxy section */

/* Begin PBXFileReference section */
		F16205F024E0D71B00DAF238 /* CupcakeCorner.app */ = {isa = PBXFileReference; explicitFileType = wrapper.application; includeInIndex = 0; path = CupcakeCorner.app; sourceTree = BUILT_PRODUCTS_DIR; };
		F16205F324E0D71B00DAF238 /* AppDelegate.swift */ = {isa = PBXFileReference; lastKnownFileType = sourcecode.swift; path = AppDelegate.swift; sourceTree = "<group>"; };
		F16205F524E0D71B00DAF238 /* SceneDelegate.swift */ = {isa = PBXFileReference; lastKnownFileType = sourcecode.swift; path = SceneDelegate.swift; sourceTree = "<group>"; };
		F16205F724E0D71B00DAF238 /* ContentView.swift */ = {isa = PBXFileReference; lastKnownFileType = sourcecode.swift; path = ContentView.swift; sourceTree = "<group>"; };
		F16205F924E0D71C00DAF238 /* Assets.xcassets */ = {isa = PBXFileReference; lastKnownFileType = folder.assetcatalog; path = Assets.xcassets; sourceTree = "<group>"; };
		F16205FC24E0D71C00DAF238 /* Preview Assets.xcassets */ = {isa = PBXFileReference; lastKnownFileType = folder.assetcatalog; path = "Preview Assets.xcassets"; sourceTree = "<group>"; };
		F16205FF24E0D71C00DAF238 /* Base */ = {isa = PBXFileReference; lastKnownFileType = file.storyboard; name = Base; path = Base.lproj/LaunchScreen.storyboard; sourceTree = "<group>"; };
		F162060124E0D71C00DAF238 /* Info.plist */ = {isa = PBXFileReference; lastKnownFileType = text.plist.xml; path = Info.plist; sourceTree = "<group>"; };
		F162060624E0D71C00DAF238 /* CupcakeCornerTests.xctest */ = {isa = PBXFileReference; explicitFileType = wrapper.cfbundle; includeInIndex = 0; path = CupcakeCornerTests.xctest; sourceTree = BUILT_PRODUCTS_DIR; };
		F162060A24E0D71C00DAF238 /* CupcakeCornerTests.swift */ = {isa = PBXFileReference; lastKnownFileType = sourcecode.swift; path = CupcakeCornerTests.swift; sourceTree = "<group>"; };
		F162060C24E0D71C00DAF238 /* Info.plist */ = {isa = PBXFileReference; lastKnownFileType = text.plist.xml; path = Info.plist; sourceTree = "<group>"; };
		F162061524E0E4C600DAF238 /* Order.swift */ = {isa = PBXFileReference; lastKnownFileType = sourcecode.swift; path = Order.swift; sourceTree = "<group>"; };
		F162061724E0F82200DAF238 /* AddressView.swift */ = {isa = PBXFileReference; lastKnownFileType = sourcecode.swift; path = AddressView.swift; sourceTree = "<group>"; };
		F162061924E0F93200DAF238 /* CheckoutView.swift */ = {isa = PBXFileReference; lastKnownFileType = sourcecode.swift; path = CheckoutView.swift; sourceTree = "<group>"; };
/* End PBXFileReference section */

/* Begin PBXFrameworksBuildPhase section */
		F16205ED24E0D71B00DAF238 /* Frameworks */ = {
			isa = PBXFrameworksBuildPhase;
			buildActionMask = 2147483647;
			files = (
			);
			runOnlyForDeploymentPostprocessing = 0;
		};
		F162060324E0D71C00DAF238 /* Frameworks */ = {
			isa = PBXFrameworksBuildPhase;
			buildActionMask = 2147483647;
			files = (
			);
			runOnlyForDeploymentPostprocessing = 0;
		};
/* End PBXFrameworksBuildPhase section */

/* Begin PBXGroup section */
		F16205E724E0D71B00DAF238 = {
			isa = PBXGroup;
			children = (
				F16205F224E0D71B00DAF238 /* CupcakeCorner */,
				F162060924E0D71C00DAF238 /* CupcakeCornerTests */,
				F16205F124E0D71B00DAF238 /* Products */,
			);
			sourceTree = "<group>";
		};
		F16205F124E0D71B00DAF238 /* Products */ = {
			isa = PBXGroup;
			children = (
				F16205F024E0D71B00DAF238 /* CupcakeCorner.app */,
				F162060624E0D71C00DAF238 /* CupcakeCornerTests.xctest */,
			);
			name = Products;
			sourceTree = "<group>";
		};
		F16205F224E0D71B00DAF238 /* CupcakeCorner */ = {
			isa = PBXGroup;
			children = (
				F16205F324E0D71B00DAF238 /* AppDelegate.swift */,
				F16205F524E0D71B00DAF238 /* SceneDelegate.swift */,
				F16205F724E0D71B00DAF238 /* ContentView.swift */,
				F162061924E0F93200DAF238 /* CheckoutView.swift */,
				F162061724E0F82200DAF238 /* AddressView.swift */,
				F162061524E0E4C600DAF238 /* Order.swift */,
				F16205F924E0D71C00DAF238 /* Assets.xcassets */,
				F16205FE24E0D71C00DAF238 /* LaunchScreen.storyboard */,
				F162060124E0D71C00DAF238 /* Info.plist */,
				F16205FB24E0D71C00DAF238 /* Preview Content */,
			);
			path = CupcakeCorner;
			sourceTree = "<group>";
		};
		F16205FB24E0D71C00DAF238 /* Preview Content */ = {
			isa = PBXGroup;
			children = (
				F16205FC24E0D71C00DAF238 /* Preview Assets.xcassets */,
			);
			path = "Preview Content";
			sourceTree = "<group>";
		};
		F162060924E0D71C00DAF238 /* CupcakeCornerTests */ = {
			isa = PBXGroup;
			children = (
				F162060A24E0D71C00DAF238 /* CupcakeCornerTests.swift */,
				F162060C24E0D71C00DAF238 /* Info.plist */,
			);
			path = CupcakeCornerTests;
			sourceTree = "<group>";
		};
/* End PBXGroup section */

/* Begin PBXNativeTarget section */
		F16205EF24E0D71B00DAF238 /* CupcakeCorner */ = {
			isa = PBXNativeTarget;
			buildConfigurationList = F162060F24E0D71C00DAF238 /* Build configuration list for PBXNativeTarget "CupcakeCorner" */;
			buildPhases = (
				F16205EC24E0D71B00DAF238 /* Sources */,
				F16205ED24E0D71B00DAF238 /* Frameworks */,
				F16205EE24E0D71B00DAF238 /* Resources */,
			);
			buildRules = (
			);
			dependencies = (
			);
			name = CupcakeCorner;
			productName = CupcakeCorner;
			productReference = F16205F024E0D71B00DAF238 /* CupcakeCorner.app */;
			productType = "com.apple.product-type.application";
		};
		F162060524E0D71C00DAF238 /* CupcakeCornerTests */ = {
			isa = PBXNativeTarget;
			buildConfigurationList = F162061224E0D71C00DAF238 /* Build configuration list for PBXNativeTarget "CupcakeCornerTests" */;
			buildPhases = (
				F162060224E0D71C00DAF238 /* Sources */,
				F162060324E0D71C00DAF238 /* Frameworks */,
				F162060424E0D71C00DAF238 /* Resources */,
			);
			buildRules = (
			);
			dependencies = (
				F162060824E0D71C00DAF238 /* PBXTargetDependency */,
			);
			name = CupcakeCornerTests;
			productName = CupcakeCornerTests;
			productReference = F162060624E0D71C00DAF238 /* CupcakeCornerTests.xctest */;
			productType = "com.apple.product-type.bundle.unit-test";
		};
/* End PBXNativeTarget section */

/* Begin PBXProject section */
		F16205E824E0D71B00DAF238 /* Project object */ = {
			isa = PBXProject;
			attributes = {
				LastSwiftUpdateCheck = 1150;
				LastUpgradeCheck = 1150;
				ORGANIZATIONNAME = "Jin Lee";
				TargetAttributes = {
					F16205EF24E0D71B00DAF238 = {
						CreatedOnToolsVersion = 11.5;
					};
					F162060524E0D71C00DAF238 = {
						CreatedOnToolsVersion = 11.5;
						TestTargetID = F16205EF24E0D71B00DAF238;
					};
				};
			};
			buildConfigurationList = F16205EB24E0D71B00DAF238 /* Build configuration list for PBXProject "CupcakeCorner" */;
			compatibilityVersion = "Xcode 9.3";
			developmentRegion = en;
			hasScannedForEncodings = 0;
			knownRegions = (
				en,
				Base,
			);
			mainGroup = F16205E724E0D71B00DAF238;
			productRefGroup = F16205F124E0D71B00DAF238 /* Products */;
			projectDirPath = "";
			projectRoot = "";
			targets = (
				F16205EF24E0D71B00DAF238 /* CupcakeCorner */,
				F162060524E0D71C00DAF238 /* CupcakeCornerTests */,
			);
		};
/* End PBXProject section */

/* Begin PBXResourcesBuildPhase section */
		F16205EE24E0D71B00DAF238 /* Resources */ = {
			isa = PBXResourcesBuildPhase;
			buildActionMask = 2147483647;
			files = (
				F162060024E0D71C00DAF238 /* LaunchScreen.storyboard in Resources */,
				F16205FD24E0D71C00DAF238 /* Preview Assets.xcassets in Resources */,
				F16205FA24E0D71C00DAF238 /* Assets.xcassets in Resources */,
			);
			runOnlyForDeploymentPostprocessing = 0;
		};
		F162060424E0D71C00DAF238 /* Resources */ = {
			isa = PBXResourcesBuildPhase;
			buildActionMask = 2147483647;
			files = (
			);
			runOnlyForDeploymentPostprocessing = 0;
		};
/* End PBXResourcesBuildPhase section */

/* Begin PBXSourcesBuildPhase section */
		F16205EC24E0D71B00DAF238 /* Sources */ = {
			isa = PBXSourcesBuildPhase;
			buildActionMask = 2147483647;
			files = (
				F16205F424E0D71B00DAF238 /* AppDelegate.swift in Sources */,
				F16205F624E0D71B00DAF238 /* SceneDelegate.swift in Sources */,
				F162061A24E0F93200DAF238 /* CheckoutView.swift in Sources */,
				F162061624E0E4C600DAF238 /* Order.swift in Sources */,
				F16205F824E0D71B00DAF238 /* ContentView.swift in Sources */,
				F162061824E0F82200DAF238 /* AddressView.swift in Sources */,
			);
			runOnlyForDeploymentPostprocessing = 0;
		};
		F162060224E0D71C00DAF238 /* Sources */ = {
			isa = PBXSourcesBuildPhase;
			buildActionMask = 2147483647;
			files = (
				F162060B24E0D71C00DAF238 /* CupcakeCornerTests.swift in Sources */,
			);
			runOnlyForDeploymentPostprocessing = 0;
		};
/* End PBXSourcesBuildPhase section */

/* Begin PBXTargetDependency section */
		F162060824E0D71C00DAF238 /* PBXTargetDependency */ = {
			isa = PBXTargetDependency;
			target = F16205EF24E0D71B00DAF238 /* CupcakeCorner */;
			targetProxy = F162060724E0D71C00DAF238 /* PBXContainerItemProxy */;
		};
/* End PBXTargetDependency section */

/* Begin PBXVariantGroup section */
		F16205FE24E0D71C00DAF238 /* LaunchScreen.storyboard */ = {
			isa = PBXVariantGroup;
			children = (
				F16205FF24E0D71C00DAF238 /* Base */,
			);
			name = LaunchScreen.storyboard;
			sourceTree = "<group>";
		};
/* End PBXVariantGroup section */

/* Begin XCBuildConfiguration section */
		F162060D24E0D71C00DAF238 /* Debug */ = {
			isa = XCBuildConfiguration;
			buildSettings = {
				ALWAYS_SEARCH_USER_PATHS = NO;
				CLANG_ANALYZER_NONNULL = YES;
				CLANG_ANALYZER_NUMBER_OBJECT_CONVERSION = YES_AGGRESSIVE;
				CLANG_CXX_LANGUAGE_STANDARD = "gnu++14";
				CLANG_CXX_LIBRARY = "libc++";
				CLANG_ENABLE_MODULES = YES;
				CLANG_ENABLE_OBJC_ARC = YES;
				CLANG_ENABLE_OBJC_WEAK = YES;
				CLANG_WARN_BLOCK_CAPTURE_AUTORELEASING = YES;
				CLANG_WARN_BOOL_CONVERSION = YES;
				CLANG_WARN_COMMA = YES;
				CLANG_WARN_CONSTANT_CONVERSION = YES;
				CLANG_WARN_DEPRECATED_OBJC_IMPLEMENTATIONS = YES;
				CLANG_WARN_DIRECT_OBJC_ISA_USAGE = YES_ERROR;
				CLANG_WARN_DOCUMENTATION_COMMENTS = YES;
				CLANG_WARN_EMPTY_BODY = YES;
				CLANG_WARN_ENUM_CONVERSION = YES;
				CLANG_WARN_INFINITE_RECURSION = YES;
				CLANG_WARN_INT_CONVERSION = YES;
				CLANG_WARN_NON_LITERAL_NULL_CONVERSION = YES;
				CLANG_WARN_OBJC_IMPLICIT_RETAIN_SELF = YES;
				CLANG_WARN_OBJC_LITERAL_CONVERSION = YES;
				CLANG_WARN_OBJC_ROOT_CLASS = YES_ERROR;
				CLANG_WARN_RANGE_LOOP_ANALYSIS = YES;
				CLANG_WARN_STRICT_PROTOTYPES = YES;
				CLANG_WARN_SUSPICIOUS_MOVE = YES;
				CLANG_WARN_UNGUARDED_AVAILABILITY = YES_AGGRESSIVE;
				CLANG_WARN_UNREACHABLE_CODE = YES;
				CLANG_WARN__DUPLICATE_METHOD_MATCH = YES;
				COPY_PHASE_STRIP = NO;
				DEBUG_INFORMATION_FORMAT = dwarf;
				ENABLE_STRICT_OBJC_MSGSEND = YES;
				ENABLE_TESTABILITY = YES;
				GCC_C_LANGUAGE_STANDARD = gnu11;
				GCC_DYNAMIC_NO_PIC = NO;
				GCC_NO_COMMON_BLOCKS = YES;
				GCC_OPTIMIZATION_LEVEL = 0;
				GCC_PREPROCESSOR_DEFINITIONS = (
					"DEBUG=1",
					"$(inherited)",
				);
				GCC_WARN_64_TO_32_BIT_CONVERSION = YES;
				GCC_WARN_ABOUT_RETURN_TYPE = YES_ERROR;
				GCC_WARN_UNDECLARED_SELECTOR = YES;
				GCC_WARN_UNINITIALIZED_AUTOS = YES_AGGRESSIVE;
				GCC_WARN_UNUSED_FUNCTION = YES;
				GCC_WARN_UNUSED_VARIABLE = YES;
				IPHONEOS_DEPLOYMENT_TARGET = 13.5;
				MTL_ENABLE_DEBUG_INFO = INCLUDE_SOURCE;
				MTL_FAST_MATH = YES;
				ONLY_ACTIVE_ARCH = YES;
				SDKROOT = iphoneos;
				SWIFT_ACTIVE_COMPILATION_CONDITIONS = DEBUG;
				SWIFT_OPTIMIZATION_LEVEL = "-Onone";
			};
			name = Debug;
		};
		F162060E24E0D71C00DAF238 /* Release */ = {
			isa = XCBuildConfiguration;
			buildSettings = {
				ALWAYS_SEARCH_USER_PATHS = NO;
				CLANG_ANALYZER_NONNULL = YES;
				CLANG_ANALYZER_NUMBER_OBJECT_CONVERSION = YES_AGGRESSIVE;
				CLANG_CXX_LANGUAGE_STANDARD = "gnu++14";
				CLANG_CXX_LIBRARY = "libc++";
				CLANG_ENABLE_MODULES = YES;
				CLANG_ENABLE_OBJC_ARC = YES;
				CLANG_ENABLE_OBJC_WEAK = YES;
				CLANG_WARN_BLOCK_CAPTURE_AUTORELEASING = YES;
				CLANG_WARN_BOOL_CONVERSION = YES;
				CLANG_WARN_COMMA = YES;
				CLANG_WARN_CONSTANT_CONVERSION = YES;
				CLANG_WARN_DEPRECATED_OBJC_IMPLEMENTATIONS = YES;
				CLANG_WARN_DIRECT_OBJC_ISA_USAGE = YES_ERROR;
				CLANG_WARN_DOCUMENTATION_COMMENTS = YES;
				CLANG_WARN_EMPTY_BODY = YES;
				CLANG_WARN_ENUM_CONVERSION = YES;
				CLANG_WARN_INFINITE_RECURSION = YES;
				CLANG_WARN_INT_CONVERSION = YES;
				CLANG_WARN_NON_LITERAL_NULL_CONVERSION = YES;
				CLANG_WARN_OBJC_IMPLICIT_RETAIN_SELF = YES;
				CLANG_WARN_OBJC_LITERAL_CONVERSION = YES;
				CLANG_WARN_OBJC_ROOT_CLASS = YES_ERROR;
				CLANG_WARN_RANGE_LOOP_ANALYSIS = YES;
				CLANG_WARN_STRICT_PROTOTYPES = YES;
				CLANG_WARN_SUSPICIOUS_MOVE = YES;
				CLANG_WARN_UNGUARDED_AVAILABILITY = YES_AGGRESSIVE;
				CLANG_WARN_UNREACHABLE_CODE = YES;
				CLANG_WARN__DUPLICATE_METHOD_MATCH = YES;
				COPY_PHASE_STRIP = NO;
				DEBUG_INFORMATION_FORMAT = "dwarf-with-dsym";
				ENABLE_NS_ASSERTIONS = NO;
				ENABLE_STRICT_OBJC_MSGSEND = YES;
				GCC_C_LANGUAGE_STANDARD = gnu11;
				GCC_NO_COMMON_BLOCKS = YES;
				GCC_WARN_64_TO_32_BIT_CONVERSION = YES;
				GCC_WARN_ABOUT_RETURN_TYPE = YES_ERROR;
				GCC_WARN_UNDECLARED_SELECTOR = YES;
				GCC_WARN_UNINITIALIZED_AUTOS = YES_AGGRESSIVE;
				GCC_WARN_UNUSED_FUNCTION = YES;
				GCC_WARN_UNUSED_VARIABLE = YES;
				IPHONEOS_DEPLOYMENT_TARGET = 13.5;
				MTL_ENABLE_DEBUG_INFO = NO;
				MTL_FAST_MATH = YES;
				SDKROOT = iphoneos;
				SWIFT_COMPILATION_MODE = wholemodule;
				SWIFT_OPTIMIZATION_LEVEL = "-O";
				VALIDATE_PRODUCT = YES;
			};
			name = Release;
		};
		F162061024E0D71C00DAF238 /* Debug */ = {
			isa = XCBuildConfiguration;
			buildSettings = {
				ASSETCATALOG_COMPILER_APPICON_NAME = AppIcon;
				CODE_SIGN_STYLE = Automatic;
				DEVELOPMENT_ASSET_PATHS = "\"CupcakeCorner/Preview Content\"";
				DEVELOPMENT_TEAM = P2J6PGJZZ5;
				ENABLE_PREVIEWS = YES;
				INFOPLIST_FILE = CupcakeCorner/Info.plist;
				LD_RUNPATH_SEARCH_PATHS = (
					"$(inherited)",
					"@executable_path/Frameworks",
				);
				PRODUCT_BUNDLE_IDENTIFIER = com.jinlee.CupcakeCorner;
				PRODUCT_NAME = "$(TARGET_NAME)";
				SWIFT_VERSION = 5.0;
				TARGETED_DEVICE_FAMILY = "1,2";
			};
			name = Debug;
		};
		F162061124E0D71C00DAF238 /* Release */ = {
			isa = XCBuildConfiguration;
			buildSettings = {
				ASSETCATALOG_COMPILER_APPICON_NAME = AppIcon;
				CODE_SIGN_STYLE = Automatic;
				DEVELOPMENT_ASSET_PATHS = "\"CupcakeCorner/Preview Content\"";
				DEVELOPMENT_TEAM = P2J6PGJZZ5;
				ENABLE_PREVIEWS = YES;
				INFOPLIST_FILE = CupcakeCorner/Info.plist;
				LD_RUNPATH_SEARCH_PATHS = (
					"$(inherited)",
					"@executable_path/Frameworks",
				);
				PRODUCT_BUNDLE_IDENTIFIER = com.jinlee.CupcakeCorner;
				PRODUCT_NAME = "$(TARGET_NAME)";
				SWIFT_VERSION = 5.0;
				TARGETED_DEVICE_FAMILY = "1,2";
			};
			name = Release;
		};
		F162061324E0D71C00DAF238 /* Debug */ = {
			isa = XCBuildConfiguration;
			buildSettings = {
				ALWAYS_EMBED_SWIFT_STANDARD_LIBRARIES = YES;
				BUNDLE_LOADER = "$(TEST_HOST)";
				CODE_SIGN_STYLE = Automatic;
				DEVELOPMENT_TEAM = P2J6PGJZZ5;
				INFOPLIST_FILE = CupcakeCornerTests/Info.plist;
				IPHONEOS_DEPLOYMENT_TARGET = 13.5;
				LD_RUNPATH_SEARCH_PATHS = (
					"$(inherited)",
					"@executable_path/Frameworks",
					"@loader_path/Frameworks",
				);
				PRODUCT_BUNDLE_IDENTIFIER = com.jinlee.CupcakeCornerTests;
				PRODUCT_NAME = "$(TARGET_NAME)";
				SWIFT_VERSION = 5.0;
				TARGETED_DEVICE_FAMILY = "1,2";
				TEST_HOST = "$(BUILT_PRODUCTS_DIR)/CupcakeCorner.app/CupcakeCorner";
			};
			name = Debug;
		};
		F162061424E0D71C00DAF238 /* Release */ = {
			isa = XCBuildConfiguration;
			buildSettings = {
				ALWAYS_EMBED_SWIFT_STANDARD_LIBRARIES = YES;
				BUNDLE_LOADER = "$(TEST_HOST)";
				CODE_SIGN_STYLE = Automatic;
				DEVELOPMENT_TEAM = P2J6PGJZZ5;
				INFOPLIST_FILE = CupcakeCornerTests/Info.plist;
				IPHONEOS_DEPLOYMENT_TARGET = 13.5;
				LD_RUNPATH_SEARCH_PATHS = (
					"$(inherited)",
					"@executable_path/Frameworks",
					"@loader_path/Frameworks",
				);
				PRODUCT_BUNDLE_IDENTIFIER = com.jinlee.CupcakeCornerTests;
				PRODUCT_NAME = "$(TARGET_NAME)";
				SWIFT_VERSION = 5.0;
				TARGETED_DEVICE_FAMILY = "1,2";
				TEST_HOST = "$(BUILT_PRODUCTS_DIR)/CupcakeCorner.app/CupcakeCorner";
			};
			name = Release;
		};
/* End XCBuildConfiguration section */

/* Begin XCConfigurationList section */
		F16205EB24E0D71B00DAF238 /* Build configuration list for PBXProject "CupcakeCorner" */ = {
			isa = XCConfigurationList;
			buildConfigurations = (
				F162060D24E0D71C00DAF238 /* Debug */,
				F162060E24E0D71C00DAF238 /* Release */,
			);
			defaultConfigurationIsVisible = 0;
			defaultConfigurationName = Release;
		};
		F162060F24E0D71C00DAF238 /* Build configuration list for PBXNativeTarget "CupcakeCorner" */ = {
			isa = XCConfigurationList;
			buildConfigurations = (
				F162061024E0D71C00DAF238 /* Debug */,
				F162061124E0D71C00DAF238 /* Release */,
			);
			defaultConfigurationIsVisible = 0;
			defaultConfigurationName = Release;
		};
		F162061224E0D71C00DAF238 /* Build configuration list for PBXNativeTarget "CupcakeCornerTests" */ = {
			isa = XCConfigurationList;
			buildConfigurations = (
				F162061324E0D71C00DAF238 /* Debug */,
				F162061424E0D71C00DAF238 /* Release */,
			);
			defaultConfigurationIsVisible = 0;
			defaultConfigurationName = Release;
		};
/* End XCConfigurationList section */
	};
	rootObject = F16205E824E0D71B00DAF238 /* Project object */;
}
